[[package]]
id = 12
name = "setuptools"
version = "58.2.0"
source = "pypi+https://pypi.org/pypi/setuptools/58.2.0/json"
dependencies = []

[[package]]
id = 9
name = "matplotlib"
version = "3.5.0rc1"
source = "pypi+https://pypi.org/pypi/matplotlib/3.5.0rc1/json"
dependencies = ["fonttools 4.27.1 pypi+https://pypi.org/pypi/fonttools/4.27.1/json", "numpy 1.21.2 pypi+https://pypi.org/pypi/numpy/1.21.2/json", "packaging 21.0 pypi+https://pypi.org/pypi/packaging/21.0/json", "python-dateutil 2.8.2 pypi+https://pypi.org/pypi/python-dateutil/2.8.2/json", "Pillow 8.4.0 pypi+https://pypi.org/pypi/Pillow/8.4.0/json", "setuptools-scm 6.3.2 pypi+https://pypi.org/pypi/setuptools-scm/6.3.2/json", "kiwisolver 1.3.2 pypi+https://pypi.org/pypi/kiwisolver/1.3.2/json", "Cycler 0.10.0 pypi+https://pypi.org/pypi/Cycler/0.10.0/json"]

[[package]]
id = 6
name = "PyQt5"
version = "5.15.4"
source = "pypi+https://pypi.org/pypi/PyQt5/5.15.4/json"
dependencies = ["PyQt5-Qt5 5.15.2 pypi+https://pypi.org/pypi/PyQt5-Qt5/5.15.2/json", "PyQt5-sip 12.9.0 pypi+https://pypi.org/pypi/PyQt5-sip/12.9.0/json"]

[[package]]
id = 8
name = "PyQt5-sip"
version = "12.9.0"
source = "pypi+https://pypi.org/pypi/PyQt5-sip/12.9.0/json"
dependencies = []

[[package]]
id = 20
name = "fonttools"
version = "4.27.1"
source = "pypi+https://pypi.org/pypi/fonttools/4.27.1/json"
dependencies = []

[[package]]
id = 15
name = "Pillow"
version = "8.4.0"
source = "pypi+https://pypi.org/pypi/Pillow/8.4.0/json"
dependencies = []

[[package]]
id = 2
name = "pytz"
version = "2021.1"
source = "pypi+https://pypi.org/pypi/pytz/2021.1/json"
dependencies = []

[[package]]
id = 16
name = "packaging"
version = "21.0"
source = "pypi+https://pypi.org/pypi/packaging/21.0/json"
dependencies = ["pyparsing 3.0.0rc2 pypi+https://pypi.org/pypi/pyparsing/3.0.0rc2/json"]

[[package]]
id = 5
name = "numpy"
version = "1.21.2"
source = "pypi+https://pypi.org/pypi/numpy/1.21.2/json"
dependencies = []

[[package]]
id = 11
name = "tomli"
version = "1.2.1"
source = "pypi+https://pypi.org/pypi/tomli/1.2.1/json"
dependencies = []

[[package]]
id = 21
name = "Cycler"
version = "0.10.0"
source = "pypi+https://pypi.org/pypi/Cycler/0.10.0/json"
dependencies = ["six 1.16.0 pypi+https://pypi.org/pypi/six/1.16.0/json"]

[[package]]
id = 1
name = "pandas"
version = "1.3.3"
source = "pypi+https://pypi.org/pypi/pandas/1.3.3/json"
dependencies = ["pytz 2021.1 pypi+https://pypi.org/pypi/pytz/2021.1/json", "python-dateutil 2.8.2 pypi+https://pypi.org/pypi/python-dateutil/2.8.2/json", "numpy 1.21.2 pypi+https://pypi.org/pypi/numpy/1.21.2/json"]

[[package]]
id = 3
name = "python-dateutil"
version = "2.8.2"
source = "pypi+https://pypi.org/pypi/python-dateutil/2.8.2/json"
dependencies = ["six 1.16.0 pypi+https://pypi.org/pypi/six/1.16.0/json"]

[[package]]
id = 10
name = "setuptools-scm"
version = "6.3.2"
source = "pypi+https://pypi.org/pypi/setuptools-scm/6.3.2/json"
dependencies = ["tomli 1.2.1 pypi+https://pypi.org/pypi/tomli/1.2.1/json", "setuptools 58.2.0 pypi+https://pypi.org/pypi/setuptools/58.2.0/json"]

[[package]]
id = 17
name = "pyparsing"
version = "3.0.0rc2"
source = "pypi+https://pypi.org/pypi/pyparsing/3.0.0rc2/json"
dependencies = []

[[package]]
id = 4
name = "six"
version = "1.16.0"
source = "pypi+https://pypi.org/pypi/six/1.16.0/json"
dependencies = []

[[package]]
id = 7
name = "PyQt5-Qt5"
version = "5.15.2"
source = "pypi+https://pypi.org/pypi/PyQt5-Qt5/5.15.2/json"
dependencies = []

[[package]]
id = 19
name = "kiwisolver"
version = "1.3.2"
source = "pypi+https://pypi.org/pypi/kiwisolver/1.3.2/json"
dependencies = []

[metadata]
